// !$*UTF8*$!
{
	archiveVersion = 1;
	classes = {
	};
	objectVersion = 56;
	objects = {

/* Begin PBXBuildFile section */
		B08DFB362BD01C52000BDFDF /* AppDelegate.swift in Sources */ = {isa = PBXBuildFile; fileRef = B08DFB352BD01C52000BDFDF /* AppDelegate.swift */; };
		B08DFB382BD01C52000BDFDF /* SceneDelegate.swift in Sources */ = {isa = PBXBuildFile; fileRef = B08DFB372BD01C52000BDFDF /* SceneDelegate.swift */; };
		B08DFB3A2BD01C52000BDFDF /* ViewController.swift in Sources */ = {isa = PBXBuildFile; fileRef = B08DFB392BD01C52000BDFDF /* ViewController.swift */; };
		B08DFB3D2BD01C52000BDFDF /* Base in Resources */ = {isa = PBXBuildFile; fileRef = B08DFB3C2BD01C52000BDFDF /* Base */; };
		B08DFB3F2BD01C53000BDFDF /* Assets.xcassets in Resources */ = {isa = PBXBuildFile; fileRef = B08DFB3E2BD01C53000BDFDF /* Assets.xcassets */; };
		B08DFB422BD01C53000BDFDF /* Base in Resources */ = {isa = PBXBuildFile; fileRef = B08DFB412BD01C53000BDFDF /* Base */; };
		B08DFB4D2BD01C54000BDFDF /* calculoIMCTests.swift in Sources */ = {isa = PBXBuildFile; fileRef = B08DFB4C2BD01C54000BDFDF /* calculoIMCTests.swift */; };
		B08DFB572BD01C54000BDFDF /* calculoIMCUITests.swift in Sources */ = {isa = PBXBuildFile; fileRef = B08DFB562BD01C54000BDFDF /* calculoIMCUITests.swift */; };
		B08DFB592BD01C54000BDFDF /* calculoIMCUITestsLaunchTests.swift in Sources */ = {isa = PBXBuildFile; fileRef = B08DFB582BD01C54000BDFDF /* calculoIMCUITestsLaunchTests.swift */; };
/* End PBXBuildFile section */

/* Begin PBXContainerItemProxy section */
		B08DFB492BD01C54000BDFDF /* PBXContainerItemProxy */ = {
			isa = PBXContainerItemProxy;
			containerPortal = B08DFB2A2BD01C51000BDFDF /* Project object */;
			proxyType = 1;
			remoteGlobalIDString = B08DFB312BD01C51000BDFDF;
			remoteInfo = calculoIMC;
		};
		B08DFB532BD01C54000BDFDF /* PBXContainerItemProxy */ = {
			isa = PBXContainerItemProxy;
			containerPortal = B08DFB2A2BD01C51000BDFDF /* Project object */;
			proxyType = 1;
			remoteGlobalIDString = B08DFB312BD01C51000BDFDF;
			remoteInfo = calculoIMC;
		};
/* End PBXContainerItemProxy section */

/* Begin PBXFileReference section */
		B08DFB322BD01C52000BDFDF /* calculoIMC.app */ = {isa = PBXFileReference; explicitFileType = wrapper.application; includeInIndex = 0; path = calculoIMC.app; sourceTree = BUILT_PRODUCTS_DIR; };
		B08DFB352BD01C52000BDFDF /* AppDelegate.swift */ = {isa = PBXFileReference; lastKnownFileType = sourcecode.swift; path = AppDelegate.swift; sourceTree = "<group>"; };
		B08DFB372BD01C52000BDFDF /* SceneDelegate.swift */ = {isa = PBXFileReference; lastKnownFileType = sourcecode.swift; path = SceneDelegate.swift; sourceTree = "<group>"; };
		B08DFB392BD01C52000BDFDF /* ViewController.swift */ = {isa = PBXFileReference; lastKnownFileType = sourcecode.swift; path = ViewController.swift; sourceTree = "<group>"; };
		B08DFB3C2BD01C52000BDFDF /* Base */ = {isa = PBXFileReference; lastKnownFileType = file.storyboard; name = Base; path = Base.lproj/Main.storyboard; sourceTree = "<group>"; };
		B08DFB3E2BD01C53000BDFDF /* Assets.xcassets */ = {isa = PBXFileReference; lastKnownFileType = folder.assetcatalog; path = Assets.xcassets; sourceTree = "<group>"; };
		B08DFB412BD01C53000BDFDF /* Base */ = {isa = PBXFileReference; lastKnownFileType = file.storyboard; name = Base; path = Base.lproj/LaunchScreen.storyboard; sourceTree = "<group>"; };
		B08DFB432BD01C53000BDFDF /* Info.plist */ = {isa = PBXFileReference; lastKnownFileType = text.plist.xml; path = Info.plist; sourceTree = "<group>"; };
		B08DFB482BD01C54000BDFDF /* calculoIMCTests.xctest */ = {isa = PBXFileReference; explicitFileType = wrapper.cfbundle; includeInIndex = 0; path = calculoIMCTests.xctest; sourceTree = BUILT_PRODUCTS_DIR; };
		B08DFB4C2BD01C54000BDFDF /* calculoIMCTests.swift */ = {isa = PBXFileReference; lastKnownFileType = sourcecode.swift; path = calculoIMCTests.swift; sourceTree = "<group>"; };
		B08DFB522BD01C54000BDFDF /* calculoIMCUITests.xctest */ = {isa = PBXFileReference; explicitFileType = wrapper.cfbundle; includeInIndex = 0; path = calculoIMCUITests.xctest; sourceTree = BUILT_PRODUCTS_DIR; };
		B08DFB562BD01C54000BDFDF /* calculoIMCUITests.swift */ = {isa = PBXFileReference; lastKnownFileType = sourcecode.swift; path = calculoIMCUITests.swift; sourceTree = "<group>"; };
		B08DFB582BD01C54000BDFDF /* calculoIMCUITestsLaunchTests.swift */ = {isa = PBXFileReference; lastKnownFileType = sourcecode.swift; path = calculoIMCUITestsLaunchTests.swift; sourceTree = "<group>"; };
/* End PBXFileReference section */

/* Begin PBXFrameworksBuildPhase section */
		B08DFB2F2BD01C51000BDFDF /* Frameworks */ = {
			isa = PBXFrameworksBuildPhase;
			buildActionMask = 2147483647;
			files = (
			);
			runOnlyForDeploymentPostprocessing = 0;
		};
		B08DFB452BD01C54000BDFDF /* Frameworks */ = {
			isa = PBXFrameworksBuildPhase;
			buildActionMask = 2147483647;
			files = (
			);
			runOnlyForDeploymentPostprocessing = 0;
		};
		B08DFB4F2BD01C54000BDFDF /* Frameworks */ = {
			isa = PBXFrameworksBuildPhase;
			buildActionMask = 2147483647;
			files = (
			);
			runOnlyForDeploymentPostprocessing = 0;
		};
/* End PBXFrameworksBuildPhase section */

/* Begin PBXGroup section */
		B08DFB292BD01C51000BDFDF = {
			isa = PBXGroup;
			children = (
				B08DFB342BD01C52000BDFDF /* calculoIMC */,
				B08DFB4B2BD01C54000BDFDF /* calculoIMCTests */,
				B08DFB552BD01C54000BDFDF /* calculoIMCUITests */,
				B08DFB332BD01C52000BDFDF /* Products */,
			);
			sourceTree = "<group>";
		};
		B08DFB332BD01C52000BDFDF /* Products */ = {
			isa = PBXGroup;
			children = (
				B08DFB322BD01C52000BDFDF /* calculoIMC.app */,
				B08DFB482BD01C54000BDFDF /* calculoIMCTests.xctest */,
				B08DFB522BD01C54000BDFDF /* calculoIMCUITests.xctest */,
			);
			name = Products;
			sourceTree = "<group>";
		};
		B08DFB342BD01C52000BDFDF /* calculoIMC */ = {
			isa = PBXGroup;
			children = (
				B08DFB352BD01C52000BDFDF /* AppDelegate.swift */,
				B08DFB372BD01C52000BDFDF /* SceneDelegate.swift */,
				B08DFB392BD01C52000BDFDF /* ViewController.swift */,
				B08DFB3B2BD01C52000BDFDF /* Main.storyboard */,
				B08DFB3E2BD01C53000BDFDF /* Assets.xcassets */,
				B08DFB402BD01C53000BDFDF /* LaunchScreen.storyboard */,
				B08DFB432BD01C53000BDFDF /* Info.plist */,
			);
			path = calculoIMC;
			sourceTree = "<group>";
		};
		B08DFB4B2BD01C54000BDFDF /* calculoIMCTests */ = {
			isa = PBXGroup;
			children = (
				B08DFB4C2BD01C54000BDFDF /* calculoIMCTests.swift */,
			);
			path = calculoIMCTests;
			sourceTree = "<group>";
		};
		B08DFB552BD01C54000BDFDF /* calculoIMCUITests */ = {
			isa = PBXGroup;
			children = (
				B08DFB562BD01C54000BDFDF /* calculoIMCUITests.swift */,
				B08DFB582BD01C54000BDFDF /* calculoIMCUITestsLaunchTests.swift */,
			);
			path = calculoIMCUITests;
			sourceTree = "<group>";
		};
/* End PBXGroup section */

/* Begin PBXNativeTarget section */
		B08DFB312BD01C51000BDFDF /* calculoIMC */ = {
			isa = PBXNativeTarget;
			buildConfigurationList = B08DFB5C2BD01C54000BDFDF /* Build configuration list for PBXNativeTarget "calculoIMC" */;
			buildPhases = (
				B08DFB2E2BD01C51000BDFDF /* Sources */,
				B08DFB2F2BD01C51000BDFDF /* Frameworks */,
				B08DFB302BD01C51000BDFDF /* Resources */,
			);
			buildRules = (
			);
			dependencies = (
			);
			name = calculoIMC;
			productName = calculoIMC;
			productReference = B08DFB322BD01C52000BDFDF /* calculoIMC.app */;
			productType = "com.apple.product-type.application";
		};
		B08DFB472BD01C54000BDFDF /* calculoIMCTests */ = {
			isa = PBXNativeTarget;
			buildConfigurationList = B08DFB5F2BD01C54000BDFDF /* Build configuration list for PBXNativeTarget "calculoIMCTests" */;
			buildPhases = (
				B08DFB442BD01C54000BDFDF /* Sources */,
				B08DFB452BD01C54000BDFDF /* Frameworks */,
				B08DFB462BD01C54000BDFDF /* Resources */,
			);
			buildRules = (
			);
			dependencies = (
				B08DFB4A2BD01C54000BDFDF /* PBXTargetDependency */,
			);
			name = calculoIMCTests;
			productName = calculoIMCTests;
			productReference = B08DFB482BD01C54000BDFDF /* calculoIMCTests.xctest */;
			productType = "com.apple.product-type.bundle.unit-test";
		};
		B08DFB512BD01C54000BDFDF /* calculoIMCUITests */ = {
			isa = PBXNativeTarget;
			buildConfigurationList = B08DFB622BD01C54000BDFDF /* Build configuration list for PBXNativeTarget "calculoIMCUITests" */;
			buildPhases = (
				B08DFB4E2BD01C54000BDFDF /* Sources */,
				B08DFB4F2BD01C54000BDFDF /* Frameworks */,
				B08DFB502BD01C54000BDFDF /* Resources */,
			);
			buildRules = (
			);
			dependencies = (
				B08DFB542BD01C54000BDFDF /* PBXTargetDependency */,
			);
			name = calculoIMCUITests;
			productName = calculoIMCUITests;
			productReference = B08DFB522BD01C54000BDFDF /* calculoIMCUITests.xctest */;
			productType = "com.apple.product-type.bundle.ui-testing";
		};
/* End PBXNativeTarget section */

/* Begin PBXProject section */
		B08DFB2A2BD01C51000BDFDF /* Project object */ = {
			isa = PBXProject;
			attributes = {
				BuildIndependentTargetsInParallel = 1;
				LastSwiftUpdateCheck = 1530;
				LastUpgradeCheck = 1530;
				TargetAttributes = {
					B08DFB312BD01C51000BDFDF = {
						CreatedOnToolsVersion = 15.3;
					};
					B08DFB472BD01C54000BDFDF = {
						CreatedOnToolsVersion = 15.3;
						TestTargetID = B08DFB312BD01C51000BDFDF;
					};
					B08DFB512BD01C54000BDFDF = {
						CreatedOnToolsVersion = 15.3;
						TestTargetID = B08DFB312BD01C51000BDFDF;
					};
				};
			};
			buildConfigurationList = B08DFB2D2BD01C51000BDFDF /* Build configuration list for PBXProject "calculoIMC" */;
			compatibilityVersion = "Xcode 14.0";
			developmentRegion = en;
			hasScannedForEncodings = 0;
			knownRegions = (
				en,
				Base,
			);
			mainGroup = B08DFB292BD01C51000BDFDF;
			productRefGroup = B08DFB332BD01C52000BDFDF /* Products */;
			projectDirPath = "";
			projectRoot = "";
			targets = (
				B08DFB312BD01C51000BDFDF /* calculoIMC */,
				B08DFB472BD01C54000BDFDF /* calculoIMCTests */,
				B08DFB512BD01C54000BDFDF /* calculoIMCUITests */,
			);
		};
/* End PBXProject section */

/* Begin PBXResourcesBuildPhase section */
		B08DFB302BD01C51000BDFDF /* Resources */ = {
			isa = PBXResourcesBuildPhase;
			buildActionMask = 2147483647;
			files = (
				B08DFB3F2BD01C53000BDFDF /* Assets.xcassets in Resources */,
				B08DFB422BD01C53000BDFDF /* Base in Resources */,
				B08DFB3D2BD01C52000BDFDF /* Base in Resources */,
			);
			runOnlyForDeploymentPostprocessing = 0;
		};
		B08DFB462BD01C54000BDFDF /* Resources */ = {
			isa = PBXResourcesBuildPhase;
			buildActionMask = 2147483647;
			files = (
			);
			runOnlyForDeploymentPostprocessing = 0;
		};
		B08DFB502BD01C54000BDFDF /* Resources */ = {
			isa = PBXResourcesBuildPhase;
			buildActionMask = 2147483647;
			files = (
			);
			runOnlyForDeploymentPostprocessing = 0;
		};
/* End PBXResourcesBuildPhase section */

/* Begin PBXSourcesBuildPhase section */
		B08DFB2E2BD01C51000BDFDF /* Sources */ = {
			isa = PBXSourcesBuildPhase;
			buildActionMask = 2147483647;
			files = (
				B08DFB3A2BD01C52000BDFDF /* ViewController.swift in Sources */,
				B08DFB362BD01C52000BDFDF /* AppDelegate.swift in Sources */,
				B08DFB382BD01C52000BDFDF /* SceneDelegate.swift in Sources */,
			);
			runOnlyForDeploymentPostprocessing = 0;
		};
		B08DFB442BD01C54000BDFDF /* Sources */ = {
			isa = PBXSourcesBuildPhase;
			buildActionMask = 2147483647;
			files = (
				B08DFB4D2BD01C54000BDFDF /* calculoIMCTests.swift in Sources */,
			);
			runOnlyForDeploymentPostprocessing = 0;
		};
		B08DFB4E2BD01C54000BDFDF /* Sources */ = {
			isa = PBXSourcesBuildPhase;
			buildActionMask = 2147483647;
			files = (
				B08DFB592BD01C54000BDFDF /* calculoIMCUITestsLaunchTests.swift in Sources */,
				B08DFB572BD01C54000BDFDF /* calculoIMCUITests.swift in Sources */,
			);
			runOnlyForDeploymentPostprocessing = 0;
		};
/* End PBXSourcesBuildPhase section */

/* Begin PBXTargetDependency section */
		B08DFB4A2BD01C54000BDFDF /* PBXTargetDependency */ = {
			isa = PBXTargetDependency;
			target = B08DFB312BD01C51000BDFDF /* calculoIMC */;
			targetProxy = B08DFB492BD01C54000BDFDF /* PBXContainerItemProxy */;
		};
		B08DFB542BD01C54000BDFDF /* PBXTargetDependency */ = {
			isa = PBXTargetDependency;
			target = B08DFB312BD01C51000BDFDF /* calculoIMC */;
			targetProxy = B08DFB532BD01C54000BDFDF /* PBXContainerItemProxy */;
		};
/* End PBXTargetDependency section */

/* Begin PBXVariantGroup section */
		B08DFB3B2BD01C52000BDFDF /* Main.storyboard */ = {
			isa = PBXVariantGroup;
			children = (
				B08DFB3C2BD01C52000BDFDF /* Base */,
			);
			name = Main.storyboard;
			sourceTree = "<group>";
		};
		B08DFB402BD01C53000BDFDF /* LaunchScreen.storyboard */ = {
			isa = PBXVariantGroup;
			children = (
				B08DFB412BD01C53000BDFDF /* Base */,
			);
			name = LaunchScreen.storyboard;
			sourceTree = "<group>";
		};
/* End PBXVariantGroup section */

/* Begin XCBuildConfiguration section */
		B08DFB5A2BD01C54000BDFDF /* Debug */ = {
			isa = XCBuildConfiguration;
			buildSettings = {
				ALWAYS_SEARCH_USER_PATHS = NO;
				ASSETCATALOG_COMPILER_GENERATE_SWIFT_ASSET_SYMBOL_EXTENSIONS = YES;
				CLANG_ANALYZER_NONNULL = YES;
				CLANG_ANALYZER_NUMBER_OBJECT_CONVERSION = YES_AGGRESSIVE;
				CLANG_CXX_LANGUAGE_STANDARD = "gnu++20";
				CLANG_ENABLE_MODULES = YES;
				CLANG_ENABLE_OBJC_ARC = YES;
				CLANG_ENABLE_OBJC_WEAK = YES;
				CLANG_WARN_BLOCK_CAPTURE_AUTORELEASING = YES;
				CLANG_WARN_BOOL_CONVERSION = YES;
				CLANG_WARN_COMMA = YES;
				CLANG_WARN_CONSTANT_CONVERSION = YES;
				CLANG_WARN_DEPRECATED_OBJC_IMPLEMENTATIONS = YES;
				CLANG_WARN_DIRECT_OBJC_ISA_USAGE = YES_ERROR;
				CLANG_WARN_DOCUMENTATION_COMMENTS = YES;
				CLANG_WARN_EMPTY_BODY = YES;
				CLANG_WARN_ENUM_CONVERSION = YES;
				CLANG_WARN_INFINITE_RECURSION = YES;
				CLANG_WARN_INT_CONVERSION = YES;
				CLANG_WARN_NON_LITERAL_NULL_CONVERSION = YES;
				CLANG_WARN_OBJC_IMPLICIT_RETAIN_SELF = YES;
				CLANG_WARN_OBJC_LITERAL_CONVERSION = YES;
				CLANG_WARN_OBJC_ROOT_CLASS = YES_ERROR;
				CLANG_WARN_QUOTED_INCLUDE_IN_FRAMEWORK_HEADER = YES;
				CLANG_WARN_RANGE_LOOP_ANALYSIS = YES;
				CLANG_WARN_STRICT_PROTOTYPES = YES;
				CLANG_WARN_SUSPICIOUS_MOVE = YES;
				CLANG_WARN_UNGUARDED_AVAILABILITY = YES_AGGRESSIVE;
				CLANG_WARN_UNREACHABLE_CODE = YES;
				CLANG_WARN__DUPLICATE_METHOD_MATCH = YES;
				COPY_PHASE_STRIP = NO;
				DEBUG_INFORMATION_FORMAT = dwarf;
				ENABLE_STRICT_OBJC_MSGSEND = YES;
				ENABLE_TESTABILITY = YES;
				ENABLE_USER_SCRIPT_SANDBOXING = YES;
				GCC_C_LANGUAGE_STANDARD = gnu17;
				GCC_DYNAMIC_NO_PIC = NO;
				GCC_NO_COMMON_BLOCKS = YES;
				GCC_OPTIMIZATION_LEVEL = 0;
				GCC_PREPROCESSOR_DEFINITIONS = (
					"DEBUG=1",
					"$(inherited)",
				);
				GCC_WARN_64_TO_32_BIT_CONVERSION = YES;
				GCC_WARN_ABOUT_RETURN_TYPE = YES_ERROR;
				GCC_WARN_UNDECLARED_SELECTOR = YES;
				GCC_WARN_UNINITIALIZED_AUTOS = YES_AGGRESSIVE;
				GCC_WARN_UNUSED_FUNCTION = YES;
				GCC_WARN_UNUSED_VARIABLE = YES;
				IPHONEOS_DEPLOYMENT_TARGET = 17.4;
				LOCALIZATION_PREFERS_STRING_CATALOGS = YES;
				MTL_ENABLE_DEBUG_INFO = INCLUDE_SOURCE;
				MTL_FAST_MATH = YES;
				ONLY_ACTIVE_ARCH = YES;
				SDKROOT = iphoneos;
				SWIFT_ACTIVE_COMPILATION_CONDITIONS = "DEBUG $(inherited)";
				SWIFT_OPTIMIZATION_LEVEL = "-Onone";
			};
			name = Debug;
		};
		B08DFB5B2BD01C54000BDFDF /* Release */ = {
			isa = XCBuildConfiguration;
			buildSettings = {
				ALWAYS_SEARCH_USER_PATHS = NO;
				ASSETCATALOG_COMPILER_GENERATE_SWIFT_ASSET_SYMBOL_EXTENSIONS = YES;
				CLANG_ANALYZER_NONNULL = YES;
				CLANG_ANALYZER_NUMBER_OBJECT_CONVERSION = YES_AGGRESSIVE;
				CLANG_CXX_LANGUAGE_STANDARD = "gnu++20";
				CLANG_ENABLE_MODULES = YES;
				CLANG_ENABLE_OBJC_ARC = YES;
				CLANG_ENABLE_OBJC_WEAK = YES;
				CLANG_WARN_BLOCK_CAPTURE_AUTORELEASING = YES;
				CLANG_WARN_BOOL_CONVERSION = YES;
				CLANG_WARN_COMMA = YES;
				CLANG_WARN_CONSTANT_CONVERSION = YES;
				CLANG_WARN_DEPRECATED_OBJC_IMPLEMENTATIONS = YES;
				CLANG_WARN_DIRECT_OBJC_ISA_USAGE = YES_ERROR;
				CLANG_WARN_DOCUMENTATION_COMMENTS = YES;
				CLANG_WARN_EMPTY_BODY = YES;
				CLANG_WARN_ENUM_CONVERSION = YES;
				CLANG_WARN_INFINITE_RECURSION = YES;
				CLANG_WARN_INT_CONVERSION = YES;
				CLANG_WARN_NON_LITERAL_NULL_CONVERSION = YES;
				CLANG_WARN_OBJC_IMPLICIT_RETAIN_SELF = YES;
				CLANG_WARN_OBJC_LITERAL_CONVERSION = YES;
				CLANG_WARN_OBJC_ROOT_CLASS = YES_ERROR;
				CLANG_WARN_QUOTED_INCLUDE_IN_FRAMEWORK_HEADER = YES;
				CLANG_WARN_RANGE_LOOP_ANALYSIS = YES;
				CLANG_WARN_STRICT_PROTOTYPES = YES;
				CLANG_WARN_SUSPICIOUS_MOVE = YES;
				CLANG_WARN_UNGUARDED_AVAILABILITY = YES_AGGRESSIVE;
				CLANG_WARN_UNREACHABLE_CODE = YES;
				CLANG_WARN__DUPLICATE_METHOD_MATCH = YES;
				COPY_PHASE_STRIP = NO;
				DEBUG_INFORMATION_FORMAT = "dwarf-with-dsym";
				ENABLE_NS_ASSERTIONS = NO;
				ENABLE_STRICT_OBJC_MSGSEND = YES;
				ENABLE_USER_SCRIPT_SANDBOXING = YES;
				GCC_C_LANGUAGE_STANDARD = gnu17;
				GCC_NO_COMMON_BLOCKS = YES;
				GCC_WARN_64_TO_32_BIT_CONVERSION = YES;
				GCC_WARN_ABOUT_RETURN_TYPE = YES_ERROR;
				GCC_WARN_UNDECLARED_SELECTOR = YES;
				GCC_WARN_UNINITIALIZED_AUTOS = YES_AGGRESSIVE;
				GCC_WARN_UNUSED_FUNCTION = YES;
				GCC_WARN_UNUSED_VARIABLE = YES;
				IPHONEOS_DEPLOYMENT_TARGET = 17.4;
				LOCALIZATION_PREFERS_STRING_CATALOGS = YES;
				MTL_ENABLE_DEBUG_INFO = NO;
				MTL_FAST_MATH = YES;
				SDKROOT = iphoneos;
				SWIFT_COMPILATION_MODE = wholemodule;
				VALIDATE_PRODUCT = YES;
			};
			name = Release;
		};
		B08DFB5D2BD01C54000BDFDF /* Debug */ = {
			isa = XCBuildConfiguration;
			buildSettings = {
				ASSETCATALOG_COMPILER_APPICON_NAME = AppIcon;
				ASSETCATALOG_COMPILER_GLOBAL_ACCENT_COLOR_NAME = AccentColor;
				CODE_SIGN_STYLE = Automatic;
				CURRENT_PROJECT_VERSION = 1;
				DEVELOPMENT_TEAM = Z83Z2WP4ZD;
				GENERATE_INFOPLIST_FILE = YES;
				INFOPLIST_FILE = calculoIMC/Info.plist;
				INFOPLIST_KEY_UIApplicationSupportsIndirectInputEvents = YES;
				INFOPLIST_KEY_UILaunchStoryboardName = LaunchScreen;
				INFOPLIST_KEY_UIMainStoryboardFile = Main;
				INFOPLIST_KEY_UISupportedInterfaceOrientations_iPad = "UIInterfaceOrientationPortrait UIInterfaceOrientationPortraitUpsideDown UIInterfaceOrientationLandscapeLeft UIInterfaceOrientationLandscapeRight";
				INFOPLIST_KEY_UISupportedInterfaceOrientations_iPhone = "UIInterfaceOrientationPortrait UIInterfaceOrientationLandscapeLeft UIInterfaceOrientationLandscapeRight";
				LD_RUNPATH_SEARCH_PATHS = (
					"$(inherited)",
					"@executable_path/Frameworks",
				);
				MARKETING_VERSION = 1.0;
				PRODUCT_BUNDLE_IDENTIFIER = aref.calculoIMC;
				PRODUCT_NAME = "$(TARGET_NAME)";
				SWIFT_EMIT_LOC_STRINGS = YES;
				SWIFT_VERSION = 5.0;
				TARGETED_DEVICE_FAMILY = "1,2";
			};
			name = Debug;
		};
		B08DFB5E2BD01C54000BDFDF /* Release */ = {
			isa = XCBuildConfiguration;
			buildSettings = {
				ASSETCATALOG_COMPILER_APPICON_NAME = AppIcon;
				ASSETCATALOG_COMPILER_GLOBAL_ACCENT_COLOR_NAME = AccentColor;
				CODE_SIGN_STYLE = Automatic;
				CURRENT_PROJECT_VERSION = 1;
				DEVELOPMENT_TEAM = Z83Z2WP4ZD;
				GENERATE_INFOPLIST_FILE = YES;
				INFOPLIST_FILE = calculoIMC/Info.plist;
				INFOPLIST_KEY_UIApplicationSupportsIndirectInputEvents = YES;
				INFOPLIST_KEY_UILaunchStoryboardName = LaunchScreen;
				INFOPLIST_KEY_UIMainStoryboardFile = Main;
				INFOPLIST_KEY_UISupportedInterfaceOrientations_iPad = "UIInterfaceOrientationPortrait UIInterfaceOrientationPortraitUpsideDown UIInterfaceOrientationLandscapeLeft UIInterfaceOrientationLandscapeRight";
				INFOPLIST_KEY_UISupportedInterfaceOrientations_iPhone = "UIInterfaceOrientationPortrait UIInterfaceOrientationLandscapeLeft UIInterfaceOrientationLandscapeRight";
				LD_RUNPATH_SEARCH_PATHS = (
					"$(inherited)",
					"@executable_path/Frameworks",
				);
				MARKETING_VERSION = 1.0;
				PRODUCT_BUNDLE_IDENTIFIER = aref.calculoIMC;
				PRODUCT_NAME = "$(TARGET_NAME)";
				SWIFT_EMIT_LOC_STRINGS = YES;
				SWIFT_VERSION = 5.0;
				TARGETED_DEVICE_FAMILY = "1,2";
			};
			name = Release;
		};
		B08DFB602BD01C54000BDFDF /* Debug */ = {
			isa = XCBuildConfiguration;
			buildSettings = {
				ALWAYS_EMBED_SWIFT_STANDARD_LIBRARIES = YES;
				BUNDLE_LOADER = "$(TEST_HOST)";
				CODE_SIGN_STYLE = Automatic;
				CURRENT_PROJECT_VERSION = 1;
				GENERATE_INFOPLIST_FILE = YES;
				IPHONEOS_DEPLOYMENT_TARGET = 17.4;
				MARKETING_VERSION = 1.0;
				PRODUCT_BUNDLE_IDENTIFIER = aref.calculoIMCTests;
				PRODUCT_NAME = "$(TARGET_NAME)";
				SWIFT_EMIT_LOC_STRINGS = NO;
				SWIFT_VERSION = 5.0;
				TARGETED_DEVICE_FAMILY = "1,2";
				TEST_HOST = "$(BUILT_PRODUCTS_DIR)/calculoIMC.app/$(BUNDLE_EXECUTABLE_FOLDER_PATH)/calculoIMC";
			};
			name = Debug;
		};
		B08DFB612BD01C54000BDFDF /* Release */ = {
			isa = XCBuildConfiguration;
			buildSettings = {
				ALWAYS_EMBED_SWIFT_STANDARD_LIBRARIES = YES;
				BUNDLE_LOADER = "$(TEST_HOST)";
				CODE_SIGN_STYLE = Automatic;
				CURRENT_PROJECT_VERSION = 1;
				GENERATE_INFOPLIST_FILE = YES;
				IPHONEOS_DEPLOYMENT_TARGET = 17.4;
				MARKETING_VERSION = 1.0;
				PRODUCT_BUNDLE_IDENTIFIER = aref.calculoIMCTests;
				PRODUCT_NAME = "$(TARGET_NAME)";
				SWIFT_EMIT_LOC_STRINGS = NO;
				SWIFT_VERSION = 5.0;
				TARGETED_DEVICE_FAMILY = "1,2";
				TEST_HOST = "$(BUILT_PRODUCTS_DIR)/calculoIMC.app/$(BUNDLE_EXECUTABLE_FOLDER_PATH)/calculoIMC";
			};
			name = Release;
		};
		B08DFB632BD01C54000BDFDF /* Debug */ = {
			isa = XCBuildConfiguration;
			buildSettings = {
				ALWAYS_EMBED_SWIFT_STANDARD_LIBRARIES = YES;
				CODE_SIGN_STYLE = Automatic;
				CURRENT_PROJECT_VERSION = 1;
				GENERATE_INFOPLIST_FILE = YES;
				MARKETING_VERSION = 1.0;
				PRODUCT_BUNDLE_IDENTIFIER = aref.calculoIMCUITests;
				PRODUCT_NAME = "$(TARGET_NAME)";
				SWIFT_EMIT_LOC_STRINGS = NO;
				SWIFT_VERSION = 5.0;
				TARGETED_DEVICE_FAMILY = "1,2";
				TEST_TARGET_NAME = calculoIMC;
			};
			name = Debug;
		};
		B08DFB642BD01C54000BDFDF /* Release */ = {
			isa = XCBuildConfiguration;
			buildSettings = {
				ALWAYS_EMBED_SWIFT_STANDARD_LIBRARIES = YES;
				CODE_SIGN_STYLE = Automatic;
				CURRENT_PROJECT_VERSION = 1;
				GENERATE_INFOPLIST_FILE = YES;
				MARKETING_VERSION = 1.0;
				PRODUCT_BUNDLE_IDENTIFIER = aref.calculoIMCUITests;
				PRODUCT_NAME = "$(TARGET_NAME)";
				SWIFT_EMIT_LOC_STRINGS = NO;
				SWIFT_VERSION = 5.0;
				TARGETED_DEVICE_FAMILY = "1,2";
				TEST_TARGET_NAME = calculoIMC;
			};
			name = Release;
		};
/* End XCBuildConfiguration section */

/* Begin XCConfigurationList section */
		B08DFB2D2BD01C51000BDFDF /* Build configuration list for PBXProject "calculoIMC" */ = {
			isa = XCConfigurationList;
			buildConfigurations = (
				B08DFB5A2BD01C54000BDFDF /* Debug */,
				B08DFB5B2BD01C54000BDFDF /* Release */,
			);
			defaultConfigurationIsVisible = 0;
			defaultConfigurationName = Release;
		};
		B08DFB5C2BD01C54000BDFDF /* Build configuration list for PBXNativeTarget "calculoIMC" */ = {
			isa = XCConfigurationList;
			buildConfigurations = (
				B08DFB5D2BD01C54000BDFDF /* Debug */,
				B08DFB5E2BD01C54000BDFDF /* Release */,
			);
			defaultConfigurationIsVisible = 0;
			defaultConfigurationName = Release;
		};
		B08DFB5F2BD01C54000BDFDF /* Build configuration list for PBXNativeTarget "calculoIMCTests" */ = {
			isa = XCConfigurationList;
			buildConfigurations = (
				B08DFB602BD01C54000BDFDF /* Debug */,
				B08DFB612BD01C54000BDFDF /* Release */,
			);
			defaultConfigurationIsVisible = 0;
			defaultConfigurationName = Release;
		};
		B08DFB622BD01C54000BDFDF /* Build configuration list for PBXNativeTarget "calculoIMCUITests" */ = {
			isa = XCConfigurationList;
			buildConfigurations = (
				B08DFB632BD01C54000BDFDF /* Debug */,
				B08DFB642BD01C54000BDFDF /* Release */,
			);
			defaultConfigurationIsVisible = 0;
			defaultConfigurationName = Release;
		};
/* End XCConfigurationList section */
	};
	rootObject = B08DFB2A2BD01C51000BDFDF /* Project object */;
}
